dependencies:
- name: helm-product
  repository: oci://ghcr.io/onecx/charts
  version: 0.2.0
- name: onecx-announcement-svc
  repository: oci://ghcr.io/onecx/charts
  version: 0.0.0-rc.34
- name: onecx-announcement-bff
  repository: oci://ghcr.io/onecx/charts
  version: 0.0.0-rc.34
- name: onecx-announcement-ui
  repository: oci://ghcr.io/onecx/charts
  version: 0.0.0-rc.42
digest: sha256:02234152ae5dd46a95f38aea6cc39268070c7a6338b6f454071ed4047cff0ef2
generated: "2024-07-04T14:40:25.198182174Z"
