dependencies:
- name: helm-product
  repository: oci://ghcr.io/onecx/charts
  version: 0.4.0
- name: onecx-announcement-svc
  repository: oci://ghcr.io/onecx/charts
  version: 1.8.0
- name: onecx-announcement-bff
  repository: oci://ghcr.io/onecx/charts
  version: 1.8.0-rc.23
- name: onecx-announcement-ui
  repository: oci://ghcr.io/onecx/charts
  version: 1.7.0-rc.23
digest: sha256:3cf94fd3af36b461e3f05b9e26b0bd5e6a5513c715ce4caeef7a0f995102a220
generated: "2026-01-22T05:57:14.476788942Z"
